
Microsoft Visual Studio Solution File, Format Version 12.00
# Visual Studio 15
VisualStudioVersion = 15.0.28307.136
MinimumVisualStudioVersion = 10.0.40219.1
Project("{FAE04EC0-301F-11D3-BF4B-00C04F79EFBC}") = "Gabage classification", "Gomi classification\Gabage classification.csproj", "{7BBF7C2D-5891-4B8D-B07D-743D5169D323}"
EndProject
Global
	GlobalSection(SolutionConfigurationPlatforms) = preSolution
		Debug|Any CPU = Debug|Any CPU
		Release|Any CPU = Release|Any CPU
	EndGlobalSection
	GlobalSection(ProjectConfigurationPlatforms) = postSolution
		{7BBF7C2D-5891-4B8D-B07D-743D5169D323}.Debug|Any CPU.ActiveCfg = Debug|Any CPU
		{7BBF7C2D-5891-4B8D-B07D-743D5169D323}.Debug|Any CPU.Build.0 = Debug|Any CPU
		{7BBF7C2D-5891-4B8D-B07D-743D5169D323}.Release|Any CPU.ActiveCfg = Release|Any CPU
		{7BBF7C2D-5891-4B8D-B07D-743D5169D323}.Release|Any CPU.Build.0 = Release|Any CPU
	EndGlobalSection
	GlobalSection(SolutionProperties) = preSolution
		HideSolutionNode = FALSE
	EndGlobalSection
	GlobalSection(ExtensibilityGlobals) = postSolution
		SolutionGuid = {E2A70112-591A-4F9C-BC4A-B175920AFD1D}
	EndGlobalSection
EndGlobal
